
Microsoft Visual Studio Solution File, Format Version 12.00
# Visual Studio Version 17
VisualStudioVersion = 17.5.33424.131
MinimumVisualStudioVersion = 10.0.40219.1
Project("{FAE04EC0-301F-11D3-BF4B-00C04F79EFBC}") = "JogoDeAdivinhar", "JogoDeAdivinhar.csproj", "{8EC679F4-F736-4337-B213-478B6DC75F3E}"
EndProject
Global
	GlobalSection(SolutionConfigurationPlatforms) = preSolution
		Debug|Any CPU = Debug|Any CPU
		Release|Any CPU = Release|Any CPU
	EndGlobalSection
	GlobalSection(ProjectConfigurationPlatforms) = postSolution
		{8EC679F4-F736-4337-B213-478B6DC75F3E}.Debug|Any CPU.ActiveCfg = Debug|Any CPU
		{8EC679F4-F736-4337-B213-478B6DC75F3E}.Debug|Any CPU.Build.0 = Debug|Any CPU
		{8EC679F4-F736-4337-B213-478B6DC75F3E}.Release|Any CPU.ActiveCfg = Release|Any CPU
		{8EC679F4-F736-4337-B213-478B6DC75F3E}.Release|Any CPU.Build.0 = Release|Any CPU
	EndGlobalSection
	GlobalSection(SolutionProperties) = preSolution
		HideSolutionNode = FALSE
	EndGlobalSection
	GlobalSection(ExtensibilityGlobals) = postSolution
		SolutionGuid = {5F74A242-6B09-4530-A0AD-B66723446E33}
	EndGlobalSection
EndGlobal
